# This file is automatically @generated by Cargo.
# It is not intended for manual editing.
[[package]]
name = "c2rust_out"
version = "0.0.0"
dependencies = [
 "libc",
]

[[package]]
name = "libc"
version = "0.2.72"
source = "registry+https://github.com/rust-lang/crates.io-index"
checksum = "a9f8082297d534141b30c8d39e9b1773713ab50fdbe4ff30f750d063b3bfd701"
